
Microsoft Visual Studio Solution File, Format Version 12.00
# Visual Studio Version 16
VisualStudioVersion = 16.0.29102.190
MinimumVisualStudioVersion = 10.0.40219.1
Project("{FAE04EC0-301F-11D3-BF4B-00C04F79EFBC}") = "163311052_bm", "163311052_bm\163311052_bm.csproj", "{9F179AAF-B4DD-4933-B968-8A3CF3D81305}"
EndProject
Global
	GlobalSection(SolutionConfigurationPlatforms) = preSolution
		Debug|Any CPU = Debug|Any CPU
		Release|Any CPU = Release|Any CPU
	EndGlobalSection
	GlobalSection(ProjectConfigurationPlatforms) = postSolution
		{9F179AAF-B4DD-4933-B968-8A3CF3D81305}.Debug|Any CPU.ActiveCfg = Debug|Any CPU
		{9F179AAF-B4DD-4933-B968-8A3CF3D81305}.Debug|Any CPU.Build.0 = Debug|Any CPU
		{9F179AAF-B4DD-4933-B968-8A3CF3D81305}.Release|Any CPU.ActiveCfg = Release|Any CPU
		{9F179AAF-B4DD-4933-B968-8A3CF3D81305}.Release|Any CPU.Build.0 = Release|Any CPU
	EndGlobalSection
	GlobalSection(SolutionProperties) = preSolution
		HideSolutionNode = FALSE
	EndGlobalSection
	GlobalSection(ExtensibilityGlobals) = postSolution
		SolutionGuid = {E8DBCCEB-0983-41F8-9B87-95B44CBA41BA}
	EndGlobalSection
EndGlobal
